
Microsoft Visual Studio Solution File, Format Version 12.00
# Visual Studio Version 16
VisualStudioVersion = 16.0.29411.108
MinimumVisualStudioVersion = 10.0.40219.1
Project("{9A19103F-16F7-4668-BE54-9A1E7A4F7556}") = "Clubee.API", "Clubee.API\Clubee.API.csproj", "{3D35AC18-3BD9-4236-834D-BA7BA09F3926}"
EndProject
Project("{E53339B2-1760-4266-BCC7-CA923CBCF16C}") = "docker-compose", "docker-compose.dcproj", "{CBC1422B-E306-4DCF-A4F4-7917942BD71C}"
EndProject
Global
	GlobalSection(SolutionConfigurationPlatforms) = preSolution
		Debug|Any CPU = Debug|Any CPU
		Release|Any CPU = Release|Any CPU
	EndGlobalSection
	GlobalSection(ProjectConfigurationPlatforms) = postSolution
		{3D35AC18-3BD9-4236-834D-BA7BA09F3926}.Debug|Any CPU.ActiveCfg = Debug|Any CPU
		{3D35AC18-3BD9-4236-834D-BA7BA09F3926}.Debug|Any CPU.Build.0 = Debug|Any CPU
		{3D35AC18-3BD9-4236-834D-BA7BA09F3926}.Release|Any CPU.ActiveCfg = Release|Any CPU
		{3D35AC18-3BD9-4236-834D-BA7BA09F3926}.Release|Any CPU.Build.0 = Release|Any CPU
		{CBC1422B-E306-4DCF-A4F4-7917942BD71C}.Debug|Any CPU.ActiveCfg = Debug|Any CPU
		{CBC1422B-E306-4DCF-A4F4-7917942BD71C}.Debug|Any CPU.Build.0 = Debug|Any CPU
		{CBC1422B-E306-4DCF-A4F4-7917942BD71C}.Release|Any CPU.ActiveCfg = Release|Any CPU
		{CBC1422B-E306-4DCF-A4F4-7917942BD71C}.Release|Any CPU.Build.0 = Release|Any CPU
	EndGlobalSection
	GlobalSection(SolutionProperties) = preSolution
		HideSolutionNode = FALSE
	EndGlobalSection
	GlobalSection(ExtensibilityGlobals) = postSolution
		SolutionGuid = {3D681CA9-B019-4B09-8AB9-950EC7121486}
	EndGlobalSection
EndGlobal
